
Microsoft Visual Studio Solution File, Format Version 12.00
# Visual Studio Version 16
VisualStudioVersion = 16.0.30523.141
MinimumVisualStudioVersion = 10.0.40219.1
Project("{9A19103F-16F7-4668-BE54-9A1E7A4F7556}") = "MTCG", "MTCG\MTCG.csproj", "{FC624D02-38A7-4679-B019-73E0773701DC}"
EndProject
Project("{9A19103F-16F7-4668-BE54-9A1E7A4F7556}") = "UnitTest", "UnitTest\UnitTest.csproj", "{224CF10E-971B-422A-930B-AFBAD85E480D}"
EndProject
Global
	GlobalSection(SolutionConfigurationPlatforms) = preSolution
		Debug|Any CPU = Debug|Any CPU
		Release|Any CPU = Release|Any CPU
	EndGlobalSection
	GlobalSection(ProjectConfigurationPlatforms) = postSolution
		{FC624D02-38A7-4679-B019-73E0773701DC}.Debug|Any CPU.ActiveCfg = Debug|Any CPU
		{FC624D02-38A7-4679-B019-73E0773701DC}.Debug|Any CPU.Build.0 = Debug|Any CPU
		{FC624D02-38A7-4679-B019-73E0773701DC}.Release|Any CPU.ActiveCfg = Release|Any CPU
		{FC624D02-38A7-4679-B019-73E0773701DC}.Release|Any CPU.Build.0 = Release|Any CPU
		{224CF10E-971B-422A-930B-AFBAD85E480D}.Debug|Any CPU.ActiveCfg = Debug|Any CPU
		{224CF10E-971B-422A-930B-AFBAD85E480D}.Debug|Any CPU.Build.0 = Debug|Any CPU
		{224CF10E-971B-422A-930B-AFBAD85E480D}.Release|Any CPU.ActiveCfg = Release|Any CPU
		{224CF10E-971B-422A-930B-AFBAD85E480D}.Release|Any CPU.Build.0 = Release|Any CPU
	EndGlobalSection
	GlobalSection(SolutionProperties) = preSolution
		HideSolutionNode = FALSE
	EndGlobalSection
	GlobalSection(ExtensibilityGlobals) = postSolution
		SolutionGuid = {D600FC60-5EB9-4460-8C7F-F6A8839B6B96}
	EndGlobalSection
EndGlobal
